
Microsoft Visual Studio Solution File, Format Version 12.00
# Visual Studio Version 16
VisualStudioVersion = 16.0.34407.143
MinimumVisualStudioVersion = 10.0.40219.1
Project("{FAE04EC0-301F-11D3-BF4B-00C04F79EFBC}") = "StudentReport", "StudentReport\StudentReport.csproj", "{E6DA7310-C96B-4CFF-AB48-FEA1FF2DDA28}"
EndProject
Global
	GlobalSection(SolutionConfigurationPlatforms) = preSolution
		Debug|Any CPU = Debug|Any CPU
		Release|Any CPU = Release|Any CPU
	EndGlobalSection
	GlobalSection(ProjectConfigurationPlatforms) = postSolution
		{E6DA7310-C96B-4CFF-AB48-FEA1FF2DDA28}.Debug|Any CPU.ActiveCfg = Debug|Any CPU
		{E6DA7310-C96B-4CFF-AB48-FEA1FF2DDA28}.Debug|Any CPU.Build.0 = Debug|Any CPU
		{E6DA7310-C96B-4CFF-AB48-FEA1FF2DDA28}.Release|Any CPU.ActiveCfg = Release|Any CPU
		{E6DA7310-C96B-4CFF-AB48-FEA1FF2DDA28}.Release|Any CPU.Build.0 = Release|Any CPU
	EndGlobalSection
	GlobalSection(SolutionProperties) = preSolution
		HideSolutionNode = FALSE
	EndGlobalSection
	GlobalSection(ExtensibilityGlobals) = postSolution
		SolutionGuid = {9E5E5C95-7CBA-42BD-8D38-1A5E1182373F}
	EndGlobalSection
EndGlobal
